
Microsoft Visual Studio Solution File, Format Version 12.00
# Visual Studio Version 16
VisualStudioVersion = 16.0.31112.23
MinimumVisualStudioVersion = 10.0.40219.1
Project("{FAE04EC0-301F-11D3-BF4B-00C04F79EFBC}") = "DBCOREAPI", "DBCOREAPI\DBCOREAPI.csproj", "{29B1BAB1-176D-4620-948A-8C15A03E2425}"
EndProject
Global
	GlobalSection(SolutionConfigurationPlatforms) = preSolution
		Debug|Any CPU = Debug|Any CPU
		Release|Any CPU = Release|Any CPU
	EndGlobalSection
	GlobalSection(ProjectConfigurationPlatforms) = postSolution
		{29B1BAB1-176D-4620-948A-8C15A03E2425}.Debug|Any CPU.ActiveCfg = Debug|Any CPU
		{29B1BAB1-176D-4620-948A-8C15A03E2425}.Debug|Any CPU.Build.0 = Debug|Any CPU
		{29B1BAB1-176D-4620-948A-8C15A03E2425}.Release|Any CPU.ActiveCfg = Release|Any CPU
		{29B1BAB1-176D-4620-948A-8C15A03E2425}.Release|Any CPU.Build.0 = Release|Any CPU
	EndGlobalSection
	GlobalSection(SolutionProperties) = preSolution
		HideSolutionNode = FALSE
	EndGlobalSection
	GlobalSection(ExtensibilityGlobals) = postSolution
		SolutionGuid = {D6236C2F-54B9-4BE5-BB29-97D0C483D4B0}
	EndGlobalSection
EndGlobal
